
Microsoft Visual Studio Solution File, Format Version 12.00
# Visual Studio 15
VisualStudioVersion = 15.0.28307.329
MinimumVisualStudioVersion = 10.0.40219.1
Project("{FAE04EC0-301F-11D3-BF4B-00C04F79EFBC}") = "Accelerated 3D fractal", "Accelerated 3D fractal\Accelerated 3D fractal.csproj", "{94DF9AA6-67EC-4C70-9BF2-B69980657F8E}"
EndProject
Global
	GlobalSection(SolutionConfigurationPlatforms) = preSolution
		Debug|Any CPU = Debug|Any CPU
		Release|Any CPU = Release|Any CPU
	EndGlobalSection
	GlobalSection(ProjectConfigurationPlatforms) = postSolution
		{94DF9AA6-67EC-4C70-9BF2-B69980657F8E}.Debug|Any CPU.ActiveCfg = Debug|Any CPU
		{94DF9AA6-67EC-4C70-9BF2-B69980657F8E}.Debug|Any CPU.Build.0 = Debug|Any CPU
		{94DF9AA6-67EC-4C70-9BF2-B69980657F8E}.Release|Any CPU.ActiveCfg = Release|Any CPU
		{94DF9AA6-67EC-4C70-9BF2-B69980657F8E}.Release|Any CPU.Build.0 = Release|Any CPU
	EndGlobalSection
	GlobalSection(SolutionProperties) = preSolution
		HideSolutionNode = FALSE
	EndGlobalSection
	GlobalSection(ExtensibilityGlobals) = postSolution
		SolutionGuid = {EADCDC0A-0E73-425A-938C-C13EAFE3E7AE}
	EndGlobalSection
EndGlobal
